# This file was autogenerated by Stack.
# You should not edit this file by hand.
# For more information, please see the documentation at:
#   https://docs.haskellstack.org/en/stable/lock_files

packages:
- completed:
    hackage: cabal-helper-0.7.3.0@sha256:1ec0e453ac2b600db0767b99546f963f50436186f55f7794cef81f803a2c1b4a,6654
    pantry-tree:
      size: 946
      sha256: de7f3a8165e3fcfd519a7b16b2908982573442b0b06a0953f2a467f85e3f6137
  original:
    hackage: cabal-helper-0.7.3.0@sha256:1ec0e453ac2b600db0767b99546f963f50436186f55f7794cef81f803a2c1b4a,6654
- completed:
    hackage: djinn-ghc-0.0.2.3@sha256:0daf55cd1842fe05ca9e1a3dbe868a847a60060066c58420a26cc8662e881efa,816
    pantry-tree:
      size: 209
      sha256: 9dab1f1e2efc437a5c53e18b0b9c94b2407c5fbf4015754aa3fa72f21cd4f497
  original:
    hackage: djinn-ghc-0.0.2.3@sha256:0daf55cd1842fe05ca9e1a3dbe868a847a60060066c58420a26cc8662e881efa,816
- completed:
    hackage: djinn-lib-0.0.1.3@sha256:73d19e501c86b46da0141daccf2d54c1121b67a840a64420a9ad5f1e86c1e47f,979
    pantry-tree:
      size: 396
      sha256: be11025597ff8f4c23911ef519600de29acf9c2cbb5f721f55271a600c99225e
  original:
    hackage: djinn-lib-0.0.1.3@sha256:73d19e501c86b46da0141daccf2d54c1121b67a840a64420a9ad5f1e86c1e47f,979
- completed:
    hackage: fclabels-2.0.4@sha256:efcc20c6c903d0a59e36eb1cb547a7bbbbba93b6e20b84b06e919c350891beb2,4492
    pantry-tree:
      size: 1008
      sha256: fe94e9e910830409b0787058a1608846c210a7101f6cb8f6bfb529e7fb492f55
  original:
    hackage: fclabels-2.0.4@sha256:efcc20c6c903d0a59e36eb1cb547a7bbbbba93b6e20b84b06e919c350891beb2,4492
- completed:
    hackage: ghc-syb-utils-0.2.3.3@sha256:fc4cd944bbd4d5160b2ee8bb458974a135c0abbd9941fb6e5f9180164efd091a,1302
    pantry-tree:
      size: 345
      sha256: 7196851c1114be35c275332b9d23856e396581dd0fd8491d9ef74c57809e983f
  original:
    hackage: ghc-syb-utils-0.2.3.3@sha256:fc4cd944bbd4d5160b2ee8bb458974a135c0abbd9941fb6e5f9180164efd091a,1302
- completed:
    hackage: haskell-src-exts-simple-1.21.1.0@sha256:b2f5b16263753a16d8462faf9d100812a864eaae41eec803cfd32f3ed7b18155,1578
    pantry-tree:
      size: 841
      sha256: 62e2edc3a98a90333b100e12f771401f64ceafefdf0c25a80246ee951aa357dc
  original:
    hackage: haskell-src-exts-simple-1.21.1.0@sha256:b2f5b16263753a16d8462faf9d100812a864eaae41eec803cfd32f3ed7b18155,1578
- completed:
    hackage: json-0.10@sha256:d9fc6b07ce92b8894825a17d2cf14799856767eb30c8bf55962baa579207d799,3210
    pantry-tree:
      size: 3190
      sha256: 5654f66b7cd8bf087ac040a9b0a83eb064219eab32230f61a3adeddfdbb4d4cd
  original:
    hackage: json-0.10@sha256:d9fc6b07ce92b8894825a17d2cf14799856767eb30c8bf55962baa579207d799,3210
snapshots:
- completed:
    size: 532832
    url: https://raw.githubusercontent.com/commercialhaskell/stackage-snapshots/master/lts/16/23.yaml
    sha256: fbb2a0519008533924c7753bd7164ddd1009f09504eb06674acad6049b46db09
  original:
    url: https://raw.githubusercontent.com/commercialhaskell/stackage-snapshots/master/lts/16/23.yaml
